
Microsoft Visual Studio Solution File, Format Version 12.00
# Visual Studio Version 17
VisualStudioVersion = 17.0.32014.148
MinimumVisualStudioVersion = 10.0.40219.1
Project("{FAE04EC0-301F-11D3-BF4B-00C04F79EFBC}") = "CriadorDeModpacks", "CriadorDeModpacks\CriadorDeModpacks.csproj", "{6DCB3D98-ECB2-43BE-994A-FB8B29D779EF}"
EndProject
Global
	GlobalSection(SolutionConfigurationPlatforms) = preSolution
		Debug|Any CPU = Debug|Any CPU
		Release|Any CPU = Release|Any CPU
	EndGlobalSection
	GlobalSection(ProjectConfigurationPlatforms) = postSolution
		{6DCB3D98-ECB2-43BE-994A-FB8B29D779EF}.Debug|Any CPU.ActiveCfg = Debug|Any CPU
		{6DCB3D98-ECB2-43BE-994A-FB8B29D779EF}.Debug|Any CPU.Build.0 = Debug|Any CPU
		{6DCB3D98-ECB2-43BE-994A-FB8B29D779EF}.Release|Any CPU.ActiveCfg = Release|Any CPU
		{6DCB3D98-ECB2-43BE-994A-FB8B29D779EF}.Release|Any CPU.Build.0 = Release|Any CPU
	EndGlobalSection
	GlobalSection(SolutionProperties) = preSolution
		HideSolutionNode = FALSE
	EndGlobalSection
	GlobalSection(ExtensibilityGlobals) = postSolution
		SolutionGuid = {FE9DA8BD-CA14-454A-AE98-E5ADEBF28DA7}
	EndGlobalSection
EndGlobal
